
Microsoft Visual Studio Solution File, Format Version 12.00
# Visual Studio Version 16
VisualStudioVersion = 16.0.31205.134
MinimumVisualStudioVersion = 10.0.40219.1
Project("{FAE04EC0-301F-11D3-BF4B-00C04F79EFBC}") = "WebApplication3", "WebApplication3\WebApplication3.csproj", "{D4E1EF40-4D1E-4241-B600-C0648CA082AD}"
EndProject
Global
	GlobalSection(SolutionConfigurationPlatforms) = preSolution
		Debug|Any CPU = Debug|Any CPU
		Release|Any CPU = Release|Any CPU
	EndGlobalSection
	GlobalSection(ProjectConfigurationPlatforms) = postSolution
		{D4E1EF40-4D1E-4241-B600-C0648CA082AD}.Debug|Any CPU.ActiveCfg = Debug|Any CPU
		{D4E1EF40-4D1E-4241-B600-C0648CA082AD}.Debug|Any CPU.Build.0 = Debug|Any CPU
		{D4E1EF40-4D1E-4241-B600-C0648CA082AD}.Release|Any CPU.ActiveCfg = Release|Any CPU
		{D4E1EF40-4D1E-4241-B600-C0648CA082AD}.Release|Any CPU.Build.0 = Release|Any CPU
	EndGlobalSection
	GlobalSection(SolutionProperties) = preSolution
		HideSolutionNode = FALSE
	EndGlobalSection
	GlobalSection(ExtensibilityGlobals) = postSolution
		SolutionGuid = {C3A9758F-A6CA-478C-B9D0-3BC755C8FDD4}
	EndGlobalSection
EndGlobal
